
Microsoft Visual Studio Solution File, Format Version 12.00
Project("{FAE04EC0-301F-11D3-BF4B-00C04F79EFBC}") = "QuadraticEquationSolver", "QuadraticEquationSolver\QuadraticEquationSolver.csproj", "{1B3BB090-8B5C-4304-BE20-1B279D7DA603}"
EndProject
Project("{2150E333-8FDC-42A3-9474-1A3956D46DE8}") = "3_UnitTests", "3_UnitTests", "{795EB2A0-134B-4B86-B6EE-85BD0C0EB268}"
EndProject
Project("{FAE04EC0-301F-11D3-BF4B-00C04F79EFBC}") = "QuadraticEquationSolver.Tests", "QuadraticEquationSolver.Tests\QuadraticEquationSolver.Tests.csproj", "{D6E36AAB-9613-4638-A28B-E5DEEDD42019}"
EndProject
Project("{2150E333-8FDC-42A3-9474-1A3956D46DE8}") = "5_Abstractions", "5_Abstractions", "{0EECBB66-4079-44C1-987E-DC63B7C7B2C3}"
EndProject
Project("{FAE04EC0-301F-11D3-BF4B-00C04F79EFBC}") = "Move", "Move\Move.csproj", "{CD651A29-1EAA-4437-87B2-F9CF77D5A955}"
EndProject
Project("{FAE04EC0-301F-11D3-BF4B-00C04F79EFBC}") = "Move.Tests", "Move.Tests\Move.Tests.csproj", "{B38C893B-5D97-48B9-B9EE-482F22ABBCD5}"
EndProject
Project("{2150E333-8FDC-42A3-9474-1A3956D46DE8}") = "7_Exceptions", "7_Exceptions", "{C48159C1-7D55-4CB4-8D31-B49DA13A7B51}"
EndProject
Project("{FAE04EC0-301F-11D3-BF4B-00C04F79EFBC}") = "Exceptions", "Exceptions\Exceptions.csproj", "{8FF73A10-41D7-48B1-A06C-5DC6D4C81E5B}"
EndProject
Project("{FAE04EC0-301F-11D3-BF4B-00C04F79EFBC}") = "Exceptions.Tests", "Exceptions.Tests\Exceptions.Tests.csproj", "{B04D53CC-8F6C-451B-96B9-C9E930C9776A}"
EndProject
Project("{2150E333-8FDC-42A3-9474-1A3956D46DE8}") = "8_Command", "8_Command", "{9A397536-AD99-43FC-AFF8-09D4BE34533C}"
EndProject
Project("{FAE04EC0-301F-11D3-BF4B-00C04F79EFBC}") = "Command", "Command\Command.csproj", "{F87FEF2D-339C-4F5B-A0FF-4989A5A1D3C6}"
EndProject
Project("{FAE04EC0-301F-11D3-BF4B-00C04F79EFBC}") = "Command.Tests", "Command.Tests\Command.Tests.csproj", "{FD921BA0-CCE9-4CCC-A282-ED029F65CF01}"
EndProject
Project("{2150E333-8FDC-42A3-9474-1A3956D46DE8}") = "9_Factory", "9_Factory", "{ECC74CF7-BC42-4173-AD24-E9F286240C77}"
EndProject
Project("{FAE04EC0-301F-11D3-BF4B-00C04F79EFBC}") = "Factory", "Factory\Factory.csproj", "{B02DE70B-7692-4496-BDDA-2CF2C81394DF}"
EndProject
Project("{FAE04EC0-301F-11D3-BF4B-00C04F79EFBC}") = "Factory.Tests", "Factory.Tests\Factory.Tests.csproj", "{F7A8F9EB-8749-4D9A-804B-878DBBC546A3}"
EndProject
Project("{2150E333-8FDC-42A3-9474-1A3956D46DE8}") = "14_Multithreading", "14_Multithreading", "{50C40DA8-DF77-49F6-9DB5-A0B40DEA6B4C}"
EndProject
Project("{FAE04EC0-301F-11D3-BF4B-00C04F79EFBC}") = "Multithreading.Tests", "Multithreading.Tests\Multithreading.Tests.csproj", "{B5FD61DC-6AD7-4FEC-B6E7-EA376F9E58FB}"
EndProject
Project("{FAE04EC0-301F-11D3-BF4B-00C04F79EFBC}") = "Multithreading", "Multithreading\Multithreading.csproj", "{C423754C-9B41-4636-A3E0-E2981952C731}"
EndProject
Project("{2150E333-8FDC-42A3-9474-1A3956D46DE8}") = "12_Adapter", "12_Adapter", "{1330A178-3EAD-489C-9343-94A22368DA84}"
EndProject
Project("{FAE04EC0-301F-11D3-BF4B-00C04F79EFBC}") = "Adapter", "Adapter\Adapter.csproj", "{43186C05-C716-49F9-A652-DAA53B233F4C}"
EndProject
Project("{FAE04EC0-301F-11D3-BF4B-00C04F79EFBC}") = "Adapter.Tests", "Adapter.Tests\Adapter.Tests.csproj", "{2A3241A0-FA59-4273-8435-ED1BA8857F42}"
EndProject
Project("{2150E333-8FDC-42A3-9474-1A3956D46DE8}") = "16_MessageBroker", "16_MessageBroker", "{1737264B-5935-45F4-B9FF-C3D37DFB5F6E}"
EndProject
Project("{FAE04EC0-301F-11D3-BF4B-00C04F79EFBC}") = "MessageBroker", "MessageBroker\MessageBroker.csproj", "{64F27297-0EFC-4384-8B16-27CA96790C5E}"
EndProject
Project("{FAE04EC0-301F-11D3-BF4B-00C04F79EFBC}") = "MessageBroker.Tests", "MessageBroker.Tests\MessageBroker.Tests.csproj", "{268F38D3-EE2A-4876-A24C-AA17C825BEA7}"
EndProject
Project("{2150E333-8FDC-42A3-9474-1A3956D46DE8}") = "19_Authorization", "19_Authorization", "{AB986706-59BF-473E-B2D3-18D8C2A2BD82}"
EndProject
Project("{FAE04EC0-301F-11D3-BF4B-00C04F79EFBC}") = "Authorization", "Authorization\Authorization.csproj", "{8B9DFD36-BE21-49E1-97A6-AD7920E9FC43}"
EndProject
Project("{FAE04EC0-301F-11D3-BF4B-00C04F79EFBC}") = "Authorization.Tests", "Authorization.Tests\Authorization.Tests.csproj", "{2F5CEE92-A251-4263-83D8-40C4B1D82689}"
EndProject
Project("{2150E333-8FDC-42A3-9474-1A3956D46DE8}") = "21_Microservices", "21_Microservices", "{83487716-CCFA-4F15-8871-7D9117060F82}"
	ProjectSection(SolutionItems) = preProject
		Microservices\Description.txt = Microservices\Description.txt
		Microservices\Diagram = Microservices\Diagram
		Microservices\Diagram.crswap = Microservices\Diagram.crswap
		Microservices\Diagram.jpg = Microservices\Diagram.jpg
	EndProjectSection
EndProject
Project("{2150E333-8FDC-42A3-9474-1A3956D46DE8}") = "23_State", "23_State", "{F752849C-4517-480C-A627-B76B104644BC}"
EndProject
Project("{FAE04EC0-301F-11D3-BF4B-00C04F79EFBC}") = "State.Tests", "State.Tests\State.Tests.csproj", "{22102357-89E1-4D98-B365-9EBB2EB2A77C}"
EndProject
Project("{2150E333-8FDC-42A3-9474-1A3956D46DE8}") = "24_Chain", "24_Chain", "{43C18561-451A-4914-935E-4AB65B863690}"
EndProject
Project("{FAE04EC0-301F-11D3-BF4B-00C04F79EFBC}") = "Chain.Tests", "Chain.Tests\Chain.Tests.csproj", "{E0703726-1242-49B9-B28D-92413FAB4024}"
EndProject
Project("{FAE04EC0-301F-11D3-BF4B-00C04F79EFBC}") = "Chain", "Chain\Chain.csproj", "{2A2A25DA-3D0C-4B23-B61A-08048415D4F3}"
EndProject
Project("{2150E333-8FDC-42A3-9474-1A3956D46DE8}") = "27_Interpreter", "27_Interpreter", "{799E6B58-88C0-4060-AB6E-1807C8589FF7}"
EndProject
Project("{FAE04EC0-301F-11D3-BF4B-00C04F79EFBC}") = "Interpreter.Tests", "Interpreter.Tests\Interpreter.Tests.csproj", "{3C4C4B47-CDDC-4A70-B949-D670956300EA}"
EndProject
Global
	GlobalSection(SolutionConfigurationPlatforms) = preSolution
		Debug|Any CPU = Debug|Any CPU
		Release|Any CPU = Release|Any CPU
	EndGlobalSection
	GlobalSection(ProjectConfigurationPlatforms) = postSolution
		{1B3BB090-8B5C-4304-BE20-1B279D7DA603}.Debug|Any CPU.ActiveCfg = Debug|Any CPU
		{1B3BB090-8B5C-4304-BE20-1B279D7DA603}.Debug|Any CPU.Build.0 = Debug|Any CPU
		{1B3BB090-8B5C-4304-BE20-1B279D7DA603}.Release|Any CPU.ActiveCfg = Release|Any CPU
		{1B3BB090-8B5C-4304-BE20-1B279D7DA603}.Release|Any CPU.Build.0 = Release|Any CPU
		{D6E36AAB-9613-4638-A28B-E5DEEDD42019}.Debug|Any CPU.ActiveCfg = Debug|Any CPU
		{D6E36AAB-9613-4638-A28B-E5DEEDD42019}.Debug|Any CPU.Build.0 = Debug|Any CPU
		{D6E36AAB-9613-4638-A28B-E5DEEDD42019}.Release|Any CPU.ActiveCfg = Release|Any CPU
		{D6E36AAB-9613-4638-A28B-E5DEEDD42019}.Release|Any CPU.Build.0 = Release|Any CPU
		{CD651A29-1EAA-4437-87B2-F9CF77D5A955}.Debug|Any CPU.ActiveCfg = Debug|Any CPU
		{CD651A29-1EAA-4437-87B2-F9CF77D5A955}.Debug|Any CPU.Build.0 = Debug|Any CPU
		{CD651A29-1EAA-4437-87B2-F9CF77D5A955}.Release|Any CPU.ActiveCfg = Release|Any CPU
		{CD651A29-1EAA-4437-87B2-F9CF77D5A955}.Release|Any CPU.Build.0 = Release|Any CPU
		{B38C893B-5D97-48B9-B9EE-482F22ABBCD5}.Debug|Any CPU.ActiveCfg = Debug|Any CPU
		{B38C893B-5D97-48B9-B9EE-482F22ABBCD5}.Debug|Any CPU.Build.0 = Debug|Any CPU
		{B38C893B-5D97-48B9-B9EE-482F22ABBCD5}.Release|Any CPU.ActiveCfg = Release|Any CPU
		{B38C893B-5D97-48B9-B9EE-482F22ABBCD5}.Release|Any CPU.Build.0 = Release|Any CPU
		{8FF73A10-41D7-48B1-A06C-5DC6D4C81E5B}.Debug|Any CPU.ActiveCfg = Debug|Any CPU
		{8FF73A10-41D7-48B1-A06C-5DC6D4C81E5B}.Debug|Any CPU.Build.0 = Debug|Any CPU
		{8FF73A10-41D7-48B1-A06C-5DC6D4C81E5B}.Release|Any CPU.ActiveCfg = Release|Any CPU
		{8FF73A10-41D7-48B1-A06C-5DC6D4C81E5B}.Release|Any CPU.Build.0 = Release|Any CPU
		{B04D53CC-8F6C-451B-96B9-C9E930C9776A}.Debug|Any CPU.ActiveCfg = Debug|Any CPU
		{B04D53CC-8F6C-451B-96B9-C9E930C9776A}.Debug|Any CPU.Build.0 = Debug|Any CPU
		{B04D53CC-8F6C-451B-96B9-C9E930C9776A}.Release|Any CPU.ActiveCfg = Release|Any CPU
		{B04D53CC-8F6C-451B-96B9-C9E930C9776A}.Release|Any CPU.Build.0 = Release|Any CPU
		{F87FEF2D-339C-4F5B-A0FF-4989A5A1D3C6}.Debug|Any CPU.ActiveCfg = Debug|Any CPU
		{F87FEF2D-339C-4F5B-A0FF-4989A5A1D3C6}.Debug|Any CPU.Build.0 = Debug|Any CPU
		{F87FEF2D-339C-4F5B-A0FF-4989A5A1D3C6}.Release|Any CPU.ActiveCfg = Release|Any CPU
		{F87FEF2D-339C-4F5B-A0FF-4989A5A1D3C6}.Release|Any CPU.Build.0 = Release|Any CPU
		{FD921BA0-CCE9-4CCC-A282-ED029F65CF01}.Debug|Any CPU.ActiveCfg = Debug|Any CPU
		{FD921BA0-CCE9-4CCC-A282-ED029F65CF01}.Debug|Any CPU.Build.0 = Debug|Any CPU
		{FD921BA0-CCE9-4CCC-A282-ED029F65CF01}.Release|Any CPU.ActiveCfg = Release|Any CPU
		{FD921BA0-CCE9-4CCC-A282-ED029F65CF01}.Release|Any CPU.Build.0 = Release|Any CPU
		{B02DE70B-7692-4496-BDDA-2CF2C81394DF}.Debug|Any CPU.ActiveCfg = Debug|Any CPU
		{B02DE70B-7692-4496-BDDA-2CF2C81394DF}.Debug|Any CPU.Build.0 = Debug|Any CPU
		{B02DE70B-7692-4496-BDDA-2CF2C81394DF}.Release|Any CPU.ActiveCfg = Release|Any CPU
		{B02DE70B-7692-4496-BDDA-2CF2C81394DF}.Release|Any CPU.Build.0 = Release|Any CPU
		{F7A8F9EB-8749-4D9A-804B-878DBBC546A3}.Debug|Any CPU.ActiveCfg = Debug|Any CPU
		{F7A8F9EB-8749-4D9A-804B-878DBBC546A3}.Debug|Any CPU.Build.0 = Debug|Any CPU
		{F7A8F9EB-8749-4D9A-804B-878DBBC546A3}.Release|Any CPU.ActiveCfg = Release|Any CPU
		{F7A8F9EB-8749-4D9A-804B-878DBBC546A3}.Release|Any CPU.Build.0 = Release|Any CPU
		{B5FD61DC-6AD7-4FEC-B6E7-EA376F9E58FB}.Debug|Any CPU.ActiveCfg = Debug|Any CPU
		{B5FD61DC-6AD7-4FEC-B6E7-EA376F9E58FB}.Debug|Any CPU.Build.0 = Debug|Any CPU
		{B5FD61DC-6AD7-4FEC-B6E7-EA376F9E58FB}.Release|Any CPU.ActiveCfg = Release|Any CPU
		{B5FD61DC-6AD7-4FEC-B6E7-EA376F9E58FB}.Release|Any CPU.Build.0 = Release|Any CPU
		{C423754C-9B41-4636-A3E0-E2981952C731}.Debug|Any CPU.ActiveCfg = Debug|Any CPU
		{C423754C-9B41-4636-A3E0-E2981952C731}.Debug|Any CPU.Build.0 = Debug|Any CPU
		{C423754C-9B41-4636-A3E0-E2981952C731}.Release|Any CPU.ActiveCfg = Release|Any CPU
		{C423754C-9B41-4636-A3E0-E2981952C731}.Release|Any CPU.Build.0 = Release|Any CPU
		{43186C05-C716-49F9-A652-DAA53B233F4C}.Debug|Any CPU.ActiveCfg = Debug|Any CPU
		{43186C05-C716-49F9-A652-DAA53B233F4C}.Debug|Any CPU.Build.0 = Debug|Any CPU
		{43186C05-C716-49F9-A652-DAA53B233F4C}.Release|Any CPU.ActiveCfg = Release|Any CPU
		{43186C05-C716-49F9-A652-DAA53B233F4C}.Release|Any CPU.Build.0 = Release|Any CPU
		{2A3241A0-FA59-4273-8435-ED1BA8857F42}.Debug|Any CPU.ActiveCfg = Debug|Any CPU
		{2A3241A0-FA59-4273-8435-ED1BA8857F42}.Debug|Any CPU.Build.0 = Debug|Any CPU
		{2A3241A0-FA59-4273-8435-ED1BA8857F42}.Release|Any CPU.ActiveCfg = Release|Any CPU
		{2A3241A0-FA59-4273-8435-ED1BA8857F42}.Release|Any CPU.Build.0 = Release|Any CPU
		{64F27297-0EFC-4384-8B16-27CA96790C5E}.Debug|Any CPU.ActiveCfg = Debug|Any CPU
		{64F27297-0EFC-4384-8B16-27CA96790C5E}.Debug|Any CPU.Build.0 = Debug|Any CPU
		{64F27297-0EFC-4384-8B16-27CA96790C5E}.Release|Any CPU.ActiveCfg = Release|Any CPU
		{64F27297-0EFC-4384-8B16-27CA96790C5E}.Release|Any CPU.Build.0 = Release|Any CPU
		{268F38D3-EE2A-4876-A24C-AA17C825BEA7}.Debug|Any CPU.ActiveCfg = Debug|Any CPU
		{268F38D3-EE2A-4876-A24C-AA17C825BEA7}.Debug|Any CPU.Build.0 = Debug|Any CPU
		{268F38D3-EE2A-4876-A24C-AA17C825BEA7}.Release|Any CPU.ActiveCfg = Release|Any CPU
		{268F38D3-EE2A-4876-A24C-AA17C825BEA7}.Release|Any CPU.Build.0 = Release|Any CPU
		{8B9DFD36-BE21-49E1-97A6-AD7920E9FC43}.Debug|Any CPU.ActiveCfg = Debug|Any CPU
		{8B9DFD36-BE21-49E1-97A6-AD7920E9FC43}.Debug|Any CPU.Build.0 = Debug|Any CPU
		{2F5CEE92-A251-4263-83D8-40C4B1D82689}.Debug|Any CPU.ActiveCfg = Debug|Any CPU
		{2F5CEE92-A251-4263-83D8-40C4B1D82689}.Debug|Any CPU.Build.0 = Debug|Any CPU
		{22102357-89E1-4D98-B365-9EBB2EB2A77C}.Debug|Any CPU.ActiveCfg = Debug|Any CPU
		{22102357-89E1-4D98-B365-9EBB2EB2A77C}.Debug|Any CPU.Build.0 = Debug|Any CPU
		{22102357-89E1-4D98-B365-9EBB2EB2A77C}.Release|Any CPU.ActiveCfg = Release|Any CPU
		{22102357-89E1-4D98-B365-9EBB2EB2A77C}.Release|Any CPU.Build.0 = Release|Any CPU
		{E0703726-1242-49B9-B28D-92413FAB4024}.Debug|Any CPU.ActiveCfg = Debug|Any CPU
		{E0703726-1242-49B9-B28D-92413FAB4024}.Debug|Any CPU.Build.0 = Debug|Any CPU
		{E0703726-1242-49B9-B28D-92413FAB4024}.Release|Any CPU.ActiveCfg = Release|Any CPU
		{E0703726-1242-49B9-B28D-92413FAB4024}.Release|Any CPU.Build.0 = Release|Any CPU
		{2A2A25DA-3D0C-4B23-B61A-08048415D4F3}.Debug|Any CPU.ActiveCfg = Debug|Any CPU
		{2A2A25DA-3D0C-4B23-B61A-08048415D4F3}.Debug|Any CPU.Build.0 = Debug|Any CPU
		{2A2A25DA-3D0C-4B23-B61A-08048415D4F3}.Release|Any CPU.ActiveCfg = Release|Any CPU
		{2A2A25DA-3D0C-4B23-B61A-08048415D4F3}.Release|Any CPU.Build.0 = Release|Any CPU
		{3C4C4B47-CDDC-4A70-B949-D670956300EA}.Debug|Any CPU.ActiveCfg = Debug|Any CPU
		{3C4C4B47-CDDC-4A70-B949-D670956300EA}.Debug|Any CPU.Build.0 = Debug|Any CPU
		{3C4C4B47-CDDC-4A70-B949-D670956300EA}.Release|Any CPU.ActiveCfg = Release|Any CPU
		{3C4C4B47-CDDC-4A70-B949-D670956300EA}.Release|Any CPU.Build.0 = Release|Any CPU
	EndGlobalSection
	GlobalSection(NestedProjects) = preSolution
		{1B3BB090-8B5C-4304-BE20-1B279D7DA603} = {795EB2A0-134B-4B86-B6EE-85BD0C0EB268}
		{D6E36AAB-9613-4638-A28B-E5DEEDD42019} = {795EB2A0-134B-4B86-B6EE-85BD0C0EB268}
		{CD651A29-1EAA-4437-87B2-F9CF77D5A955} = {0EECBB66-4079-44C1-987E-DC63B7C7B2C3}
		{B38C893B-5D97-48B9-B9EE-482F22ABBCD5} = {0EECBB66-4079-44C1-987E-DC63B7C7B2C3}
		{8FF73A10-41D7-48B1-A06C-5DC6D4C81E5B} = {C48159C1-7D55-4CB4-8D31-B49DA13A7B51}
		{B04D53CC-8F6C-451B-96B9-C9E930C9776A} = {C48159C1-7D55-4CB4-8D31-B49DA13A7B51}
		{F87FEF2D-339C-4F5B-A0FF-4989A5A1D3C6} = {9A397536-AD99-43FC-AFF8-09D4BE34533C}
		{FD921BA0-CCE9-4CCC-A282-ED029F65CF01} = {9A397536-AD99-43FC-AFF8-09D4BE34533C}
		{B02DE70B-7692-4496-BDDA-2CF2C81394DF} = {ECC74CF7-BC42-4173-AD24-E9F286240C77}
		{F7A8F9EB-8749-4D9A-804B-878DBBC546A3} = {ECC74CF7-BC42-4173-AD24-E9F286240C77}
		{B5FD61DC-6AD7-4FEC-B6E7-EA376F9E58FB} = {50C40DA8-DF77-49F6-9DB5-A0B40DEA6B4C}
		{C423754C-9B41-4636-A3E0-E2981952C731} = {50C40DA8-DF77-49F6-9DB5-A0B40DEA6B4C}
		{43186C05-C716-49F9-A652-DAA53B233F4C} = {1330A178-3EAD-489C-9343-94A22368DA84}
		{2A3241A0-FA59-4273-8435-ED1BA8857F42} = {1330A178-3EAD-489C-9343-94A22368DA84}
		{64F27297-0EFC-4384-8B16-27CA96790C5E} = {1737264B-5935-45F4-B9FF-C3D37DFB5F6E}
		{268F38D3-EE2A-4876-A24C-AA17C825BEA7} = {1737264B-5935-45F4-B9FF-C3D37DFB5F6E}
		{8B9DFD36-BE21-49E1-97A6-AD7920E9FC43} = {AB986706-59BF-473E-B2D3-18D8C2A2BD82}
		{2F5CEE92-A251-4263-83D8-40C4B1D82689} = {AB986706-59BF-473E-B2D3-18D8C2A2BD82}
		{22102357-89E1-4D98-B365-9EBB2EB2A77C} = {F752849C-4517-480C-A627-B76B104644BC}
		{E0703726-1242-49B9-B28D-92413FAB4024} = {43C18561-451A-4914-935E-4AB65B863690}
		{2A2A25DA-3D0C-4B23-B61A-08048415D4F3} = {43C18561-451A-4914-935E-4AB65B863690}
		{3C4C4B47-CDDC-4A70-B949-D670956300EA} = {799E6B58-88C0-4060-AB6E-1807C8589FF7}
	EndGlobalSection
EndGlobal
